
Microsoft Visual Studio Solution File, Format Version 12.00
# Visual Studio Version 17
VisualStudioVersion = 17.7.34202.233
MinimumVisualStudioVersion = 10.0.40219.1
Project("{2150E333-8FDC-42A3-9474-1A3956D46DE8}") = "src", "src", "{FC439D74-AB41-4BC8-B189-C31BC87E3E85}"
EndProject
Project("{2150E333-8FDC-42A3-9474-1A3956D46DE8}") = "ApiGateways", "ApiGateways", "{353D15E8-326C-4231-954D-DEF73FCB3EA2}"
EndProject
Project("{2150E333-8FDC-42A3-9474-1A3956D46DE8}") = "BuildingBlocks", "BuildingBlocks", "{F36C2F72-B7C5-4BCD-99F5-D464071CFE09}"
EndProject
Project("{2150E333-8FDC-42A3-9474-1A3956D46DE8}") = "Clients", "Clients", "{E6DA61E7-5879-45CC-BDAB-43D6CEBF622B}"
EndProject
Project("{2150E333-8FDC-42A3-9474-1A3956D46DE8}") = "Services", "Services", "{25D9FD77-61C0-456F-98E9-C90FD4ABE93F}"
EndProject
Project("{2150E333-8FDC-42A3-9474-1A3956D46DE8}") = "Tests", "Tests", "{F950FEE4-E652-4D6A-AAEC-BF0FBA62734D}"
EndProject
Project("{2150E333-8FDC-42A3-9474-1A3956D46DE8}") = "WebApiGateway", "WebApiGateway", "{85DFB0C4-5D6D-4550-8D5E-DC05D1A19ABD}"
EndProject
Project("{9A19103F-16F7-4668-BE54-9A1E7A4F7556}") = "Web.ApiGateway", "src\ApiGateways\WebApiGateway\Web.ApiGateway\Web.ApiGateway.csproj", "{6E5D3C74-3643-43B6-8E62-4C628BF969FD}"
EndProject
Project("{9A19103F-16F7-4668-BE54-9A1E7A4F7556}") = "BuildingBlock.Base", "src\BuildingBlocks\BuildingBlock.Base\BuildingBlock.Base.csproj", "{03956DBB-7B3C-4A55-BB57-A2AAFA6906CF}"
EndProject
Project("{9A19103F-16F7-4668-BE54-9A1E7A4F7556}") = "BuildingBlock.Dapper", "src\BuildingBlocks\BuildingBlock.Dapper\BuildingBlock.Dapper.csproj", "{CCAF2243-FE38-4B72-BB4B-B0D589DF4954}"
EndProject
Project("{9A19103F-16F7-4668-BE54-9A1E7A4F7556}") = "BuildingBlock.Elasticsearch", "src\BuildingBlocks\BuildingBlock.Elasticsearch\BuildingBlock.Elasticsearch.csproj", "{7CF661E8-E597-48A2-AAA1-147B52069772}"
EndProject
Project("{9A19103F-16F7-4668-BE54-9A1E7A4F7556}") = "BuildingBlock.Factory", "src\BuildingBlocks\BuildingBlock.Factory\BuildingBlock.Factory.csproj", "{32176ADB-51FC-4E91-89B5-90140572ACC2}"
EndProject
Project("{9A19103F-16F7-4668-BE54-9A1E7A4F7556}") = "BuildingBlock.HealthCheck", "src\BuildingBlocks\BuildingBlock.HealthCheck\BuildingBlock.HealthCheck.csproj", "{DC195AAB-4E0B-43AD-A049-7E57A043592F}"
EndProject
Project("{9A19103F-16F7-4668-BE54-9A1E7A4F7556}") = "BuildingBlock.Jwt", "src\BuildingBlocks\BuildingBlock.Jwt\BuildingBlock.Jwt.csproj", "{7CE174FB-7552-4146-9EED-661AD9D2408D}"
EndProject
Project("{9A19103F-16F7-4668-BE54-9A1E7A4F7556}") = "BuildingBlock.Mapper", "src\BuildingBlocks\BuildingBlock.Mapper\BuildingBlock.Mapper.csproj", "{1C0AE27C-5BE3-41D6-A43F-BA86A91BF65A}"
EndProject
Project("{9A19103F-16F7-4668-BE54-9A1E7A4F7556}") = "BuildingBlock.MsSql", "src\BuildingBlocks\BuildingBlock.MsSql\BuildingBlock.MsSql.csproj", "{63641BA7-596C-4BF0-BDCE-23F2376AD5C9}"
EndProject
Project("{9A19103F-16F7-4668-BE54-9A1E7A4F7556}") = "BuildingBlock.RabbitMQ", "src\BuildingBlocks\BuildingBlock.RabbitMQ\BuildingBlock.RabbitMQ.csproj", "{A6A9E7C0-D6EA-44EA-A733-E361CC66996E}"
EndProject
Project("{9A19103F-16F7-4668-BE54-9A1E7A4F7556}") = "BuildingBlock.Redis", "src\BuildingBlocks\BuildingBlock.Redis\BuildingBlock.Redis.csproj", "{AAF7F12D-5847-4C3B-B308-33B3FC999E46}"
EndProject
Project("{9A19103F-16F7-4668-BE54-9A1E7A4F7556}") = "BuildingBlock.InMemory", "src\BuildingBlocks\BuildingBlock.InMemory\BuildingBlock.InMemory.csproj", "{C4A4E1DF-1931-45AF-8F33-CB5C8EE68356}"
EndProject
Project("{9A19103F-16F7-4668-BE54-9A1E7A4F7556}") = "BuildingBlock.Logger", "src\BuildingBlocks\BuildingBlock.Logger\BuildingBlock.Logger.csproj", "{01263304-4B06-45CE-94CC-4FEF043ABC77}"
EndProject
Project("{9A19103F-16F7-4668-BE54-9A1E7A4F7556}") = "BuildingBlock.Swagger", "src\BuildingBlocks\BuildingBlock.Swagger\BuildingBlock.Swagger.csproj", "{0685FB0B-D10C-4C34-8385-D3D556F60D0A}"
EndProject
Project("{9A19103F-16F7-4668-BE54-9A1E7A4F7556}") = "BuildingBlock.Validator", "src\BuildingBlocks\BuildingBlock.Validator\BuildingBlock.Validator.csproj", "{80563E3A-F0DF-4783-9D32-90E4C8228662}"
EndProject
Project("{2150E333-8FDC-42A3-9474-1A3956D46DE8}") = "Web", "Web", "{BF37E5CF-65CA-4B01-BC09-6A41402FF531}"
EndProject
Project("{9A19103F-16F7-4668-BE54-9A1E7A4F7556}") = "Web.FlavorWorldMvc", "src\Clients\Web\Web.FlavorWorldMvc\Web.FlavorWorldMvc.csproj", "{BFB1197F-AAB1-48F8-8996-4DF79C1BD131}"
EndProject
Project("{2150E333-8FDC-42A3-9474-1A3956D46DE8}") = "OrderService", "OrderService", "{451D2410-8D35-48C7-BAEF-CF5F91B47B21}"
EndProject
Project("{9A19103F-16F7-4668-BE54-9A1E7A4F7556}") = "OrderService.Api", "src\Services\OrderService\OrderService.Api\OrderService.Api.csproj", "{E0EABC88-3088-4449-B061-60CE530123EE}"
EndProject
Project("{9A19103F-16F7-4668-BE54-9A1E7A4F7556}") = "OrderService.Application", "src\Services\OrderService\OrderService.Application\OrderService.Application.csproj", "{459AF739-A829-41DC-BF1E-142A0BAC7956}"
EndProject
Project("{9A19103F-16F7-4668-BE54-9A1E7A4F7556}") = "OrderService.Domain", "src\Services\OrderService\OrderService.Domain\OrderService.Domain.csproj", "{67F8E803-888E-4D79-A9E5-BC9D894D2EDE}"
EndProject
Project("{9A19103F-16F7-4668-BE54-9A1E7A4F7556}") = "OrderService.Infrastructure", "src\Services\OrderService\OrderService.Infrastructure\OrderService.Infrastructure.csproj", "{18D0E759-4BC7-4E50-A191-5BF97A0FB4EF}"
EndProject
Project("{2150E333-8FDC-42A3-9474-1A3956D46DE8}") = "BuildingBlockTests", "BuildingBlockTests", "{6DDBBC18-C60E-40AC-ACD4-68A19371DF42}"
EndProject
Project("{2150E333-8FDC-42A3-9474-1A3956D46DE8}") = "ServiceTests", "ServiceTests", "{C5CAF07C-DF69-4C0D-8D02-4C969CA775FC}"
EndProject
Project("{9A19103F-16F7-4668-BE54-9A1E7A4F7556}") = "BuildingBlock.Test", "src\Tests\BuildingBlockTests\BuildingBlock.Test\BuildingBlock.Test.csproj", "{94D06008-54FA-49E4-83A5-EAF38439FAC4}"
EndProject
Project("{9A19103F-16F7-4668-BE54-9A1E7A4F7556}") = "OrderService.Test", "src\Tests\ServiceTests\OrderService.Test\OrderService.Test.csproj", "{A388A4E3-AD75-43DB-9601-8717CA859294}"
EndProject
Project("{2150E333-8FDC-42A3-9474-1A3956D46DE8}") = "AuthenticationService", "AuthenticationService", "{0590B493-1C8D-496B-BBA9-DAEDFFA0C32C}"
EndProject
Project("{9A19103F-16F7-4668-BE54-9A1E7A4F7556}") = "AuthenticationService.Api", "src\Services\AuthenticationService\AuthenticationService.Api\AuthenticationService.Api.csproj", "{CAFC9620-4FD9-477B-B830-F69DDB532DE7}"
EndProject
Project("{9A19103F-16F7-4668-BE54-9A1E7A4F7556}") = "AuthenticationService.Application", "src\Services\AuthenticationService\AuthenticationService.Application\AuthenticationService.Application.csproj", "{950635F0-0023-44D5-8CF6-21A917AF5EB6}"
EndProject
Project("{9A19103F-16F7-4668-BE54-9A1E7A4F7556}") = "AuthenticationService.Domain", "src\Services\AuthenticationService\AuthenticationService.Domain\AuthenticationService.Domain.csproj", "{AEAAAF8B-D0D5-45BA-83FD-A9C53719850C}"
EndProject
Project("{9A19103F-16F7-4668-BE54-9A1E7A4F7556}") = "AuthenticationService.Infrastructure", "src\Services\AuthenticationService\AuthenticationService.Infrastructure\AuthenticationService.Infrastructure.csproj", "{9E68F2DC-B2AC-4EF7-9648-80B420003813}"
EndProject
Project("{2150E333-8FDC-42A3-9474-1A3956D46DE8}") = "ProductService", "ProductService", "{39C1352F-F3D3-4D0C-AF2D-AA23B9868EEA}"
EndProject
Project("{9A19103F-16F7-4668-BE54-9A1E7A4F7556}") = "ProductService.Application", "src\Services\ProductService\ProductService.Application\ProductService.Application.csproj", "{08040827-D3B7-441D-B59F-5F4ECFFC93B6}"
EndProject
Project("{9A19103F-16F7-4668-BE54-9A1E7A4F7556}") = "ProductService.Api", "src\Services\ProductService\ProductService.Api\ProductService.Api.csproj", "{4FCBE2B8-C524-4E71-81B1-83AB1057DE84}"
EndProject
Project("{9A19103F-16F7-4668-BE54-9A1E7A4F7556}") = "ProductService.Domain", "src\Services\ProductService\ProductService.Domain\ProductService.Domain.csproj", "{2830D4D8-F80A-4965-84FE-C1DC11483690}"
EndProject
Project("{9A19103F-16F7-4668-BE54-9A1E7A4F7556}") = "ProductService.Infrastructure", "src\Services\ProductService\ProductService.Infrastructure\ProductService.Infrastructure.csproj", "{5F463806-594A-4214-9B32-148480BA19AC}"
EndProject
Project("{2150E333-8FDC-42A3-9474-1A3956D46DE8}") = "BasketService", "BasketService", "{3C75F499-D165-4BFE-ACCB-EAA5E00986EA}"
EndProject
Project("{9A19103F-16F7-4668-BE54-9A1E7A4F7556}") = "BasketService.Api", "src\Services\BasketService\BasketService.Api\BasketService.Api.csproj", "{B8835F40-B889-4B65-8F80-62F6621F184B}"
EndProject
Project("{9A19103F-16F7-4668-BE54-9A1E7A4F7556}") = "BasketService.Application", "src\Services\BasketService\BasketService.Application\BasketService.Application.csproj", "{BDA5705C-FFB0-4FC9-BB64-F507F8ADD2B2}"
EndProject
Project("{9A19103F-16F7-4668-BE54-9A1E7A4F7556}") = "BasketService.Domain", "src\Services\BasketService\BasketService.Domain\BasketService.Domain.csproj", "{F17FD5DB-1012-4DBC-ACD5-AD8B0E09CC2B}"
EndProject
Project("{9A19103F-16F7-4668-BE54-9A1E7A4F7556}") = "BasketService.Infrastructure", "src\Services\BasketService\BasketService.Infrastructure\BasketService.Infrastructure.csproj", "{F473839C-5F1D-4C86-9B93-910039ABE8AC}"
EndProject
Project("{9A19103F-16F7-4668-BE54-9A1E7A4F7556}") = "BuildingBlocks.Mail", "src\BuildingBlocks\BuildingBlocks.Mail\BuildingBlocks.Mail.csproj", "{C5CE95E5-F6A7-447B-BB15-658102610815}"
EndProject
Project("{2150E333-8FDC-42A3-9474-1A3956D46DE8}") = "ImageService", "ImageService", "{223A2F7A-D8F5-4480-8413-9DCF63CE730D}"
EndProject
Project("{9A19103F-16F7-4668-BE54-9A1E7A4F7556}") = "ImageService.Api", "src\Services\ImageService\ImageService.Api\ImageService.Api.csproj", "{A62E09ED-F5D4-4A7F-BF28-4BCAC81F8D32}"
EndProject
Project("{9A19103F-16F7-4668-BE54-9A1E7A4F7556}") = "ImageService.Application", "src\Services\ImageService\ImageService.Application\ImageService.Application.csproj", "{4386C366-45E4-450E-BA22-48739BB64198}"
EndProject
Project("{9A19103F-16F7-4668-BE54-9A1E7A4F7556}") = "ImageService.Domain", "src\Services\ImageService\ImageService.Domain\ImageService.Domain.csproj", "{86C8C912-CC24-4B5B-8172-AF501F9C6CD1}"
EndProject
Project("{9A19103F-16F7-4668-BE54-9A1E7A4F7556}") = "ImageService.Infrastructure", "src\Services\ImageService\ImageService.Infrastructure\ImageService.Infrastructure.csproj", "{8ED63B17-4B29-42D4-B6A6-B070B769B2EF}"
EndProject
Project("{2150E333-8FDC-42A3-9474-1A3956D46DE8}") = "Deployments", "Deployments", "{F77D1566-7411-490D-B527-3264410DF44C}"
EndProject
Project("{2150E333-8FDC-42A3-9474-1A3956D46DE8}") = "K8S", "K8S", "{A6E45A4B-0CB5-4ADA-9834-379C915EC16D}"
EndProject
Project("{2150E333-8FDC-42A3-9474-1A3956D46DE8}") = "Docker", "Docker", "{FA8A9D4D-188A-4813-BB6C-27264E6E3BA7}"
EndProject
Project("{FAE04EC0-301F-11D3-BF4B-00C04F79EFBC}") = "AuthenticationService.Test", "src\Tests\ServiceTests\AuthenticationService.Test\AuthenticationService.Test.csproj", "{28D4E56A-A174-4AB5-A725-6E64EA9AEED3}"
EndProject
Global
	GlobalSection(SolutionConfigurationPlatforms) = preSolution
		Debug|Any CPU = Debug|Any CPU
		Release|Any CPU = Release|Any CPU
	EndGlobalSection
	GlobalSection(ProjectConfigurationPlatforms) = postSolution
		{6E5D3C74-3643-43B6-8E62-4C628BF969FD}.Debug|Any CPU.ActiveCfg = Debug|Any CPU
		{6E5D3C74-3643-43B6-8E62-4C628BF969FD}.Debug|Any CPU.Build.0 = Debug|Any CPU
		{6E5D3C74-3643-43B6-8E62-4C628BF969FD}.Release|Any CPU.ActiveCfg = Release|Any CPU
		{6E5D3C74-3643-43B6-8E62-4C628BF969FD}.Release|Any CPU.Build.0 = Release|Any CPU
		{03956DBB-7B3C-4A55-BB57-A2AAFA6906CF}.Debug|Any CPU.ActiveCfg = Debug|Any CPU
		{03956DBB-7B3C-4A55-BB57-A2AAFA6906CF}.Debug|Any CPU.Build.0 = Debug|Any CPU
		{03956DBB-7B3C-4A55-BB57-A2AAFA6906CF}.Release|Any CPU.ActiveCfg = Release|Any CPU
		{03956DBB-7B3C-4A55-BB57-A2AAFA6906CF}.Release|Any CPU.Build.0 = Release|Any CPU
		{CCAF2243-FE38-4B72-BB4B-B0D589DF4954}.Debug|Any CPU.ActiveCfg = Debug|Any CPU
		{CCAF2243-FE38-4B72-BB4B-B0D589DF4954}.Debug|Any CPU.Build.0 = Debug|Any CPU
		{CCAF2243-FE38-4B72-BB4B-B0D589DF4954}.Release|Any CPU.ActiveCfg = Release|Any CPU
		{CCAF2243-FE38-4B72-BB4B-B0D589DF4954}.Release|Any CPU.Build.0 = Release|Any CPU
		{7CF661E8-E597-48A2-AAA1-147B52069772}.Debug|Any CPU.ActiveCfg = Debug|Any CPU
		{7CF661E8-E597-48A2-AAA1-147B52069772}.Debug|Any CPU.Build.0 = Debug|Any CPU
		{7CF661E8-E597-48A2-AAA1-147B52069772}.Release|Any CPU.ActiveCfg = Release|Any CPU
		{7CF661E8-E597-48A2-AAA1-147B52069772}.Release|Any CPU.Build.0 = Release|Any CPU
		{32176ADB-51FC-4E91-89B5-90140572ACC2}.Debug|Any CPU.ActiveCfg = Debug|Any CPU
		{32176ADB-51FC-4E91-89B5-90140572ACC2}.Debug|Any CPU.Build.0 = Debug|Any CPU
		{32176ADB-51FC-4E91-89B5-90140572ACC2}.Release|Any CPU.ActiveCfg = Release|Any CPU
		{32176ADB-51FC-4E91-89B5-90140572ACC2}.Release|Any CPU.Build.0 = Release|Any CPU
		{DC195AAB-4E0B-43AD-A049-7E57A043592F}.Debug|Any CPU.ActiveCfg = Debug|Any CPU
		{DC195AAB-4E0B-43AD-A049-7E57A043592F}.Debug|Any CPU.Build.0 = Debug|Any CPU
		{DC195AAB-4E0B-43AD-A049-7E57A043592F}.Release|Any CPU.ActiveCfg = Release|Any CPU
		{DC195AAB-4E0B-43AD-A049-7E57A043592F}.Release|Any CPU.Build.0 = Release|Any CPU
		{7CE174FB-7552-4146-9EED-661AD9D2408D}.Debug|Any CPU.ActiveCfg = Debug|Any CPU
		{7CE174FB-7552-4146-9EED-661AD9D2408D}.Debug|Any CPU.Build.0 = Debug|Any CPU
		{7CE174FB-7552-4146-9EED-661AD9D2408D}.Release|Any CPU.ActiveCfg = Release|Any CPU
		{7CE174FB-7552-4146-9EED-661AD9D2408D}.Release|Any CPU.Build.0 = Release|Any CPU
		{1C0AE27C-5BE3-41D6-A43F-BA86A91BF65A}.Debug|Any CPU.ActiveCfg = Debug|Any CPU
		{1C0AE27C-5BE3-41D6-A43F-BA86A91BF65A}.Debug|Any CPU.Build.0 = Debug|Any CPU
		{1C0AE27C-5BE3-41D6-A43F-BA86A91BF65A}.Release|Any CPU.ActiveCfg = Release|Any CPU
		{1C0AE27C-5BE3-41D6-A43F-BA86A91BF65A}.Release|Any CPU.Build.0 = Release|Any CPU
		{63641BA7-596C-4BF0-BDCE-23F2376AD5C9}.Debug|Any CPU.ActiveCfg = Debug|Any CPU
		{63641BA7-596C-4BF0-BDCE-23F2376AD5C9}.Debug|Any CPU.Build.0 = Debug|Any CPU
		{63641BA7-596C-4BF0-BDCE-23F2376AD5C9}.Release|Any CPU.ActiveCfg = Release|Any CPU
		{63641BA7-596C-4BF0-BDCE-23F2376AD5C9}.Release|Any CPU.Build.0 = Release|Any CPU
		{A6A9E7C0-D6EA-44EA-A733-E361CC66996E}.Debug|Any CPU.ActiveCfg = Debug|Any CPU
		{A6A9E7C0-D6EA-44EA-A733-E361CC66996E}.Debug|Any CPU.Build.0 = Debug|Any CPU
		{A6A9E7C0-D6EA-44EA-A733-E361CC66996E}.Release|Any CPU.ActiveCfg = Release|Any CPU
		{A6A9E7C0-D6EA-44EA-A733-E361CC66996E}.Release|Any CPU.Build.0 = Release|Any CPU
		{AAF7F12D-5847-4C3B-B308-33B3FC999E46}.Debug|Any CPU.ActiveCfg = Debug|Any CPU
		{AAF7F12D-5847-4C3B-B308-33B3FC999E46}.Debug|Any CPU.Build.0 = Debug|Any CPU
		{AAF7F12D-5847-4C3B-B308-33B3FC999E46}.Release|Any CPU.ActiveCfg = Release|Any CPU
		{AAF7F12D-5847-4C3B-B308-33B3FC999E46}.Release|Any CPU.Build.0 = Release|Any CPU
		{C4A4E1DF-1931-45AF-8F33-CB5C8EE68356}.Debug|Any CPU.ActiveCfg = Debug|Any CPU
		{C4A4E1DF-1931-45AF-8F33-CB5C8EE68356}.Debug|Any CPU.Build.0 = Debug|Any CPU
		{C4A4E1DF-1931-45AF-8F33-CB5C8EE68356}.Release|Any CPU.ActiveCfg = Release|Any CPU
		{C4A4E1DF-1931-45AF-8F33-CB5C8EE68356}.Release|Any CPU.Build.0 = Release|Any CPU
		{01263304-4B06-45CE-94CC-4FEF043ABC77}.Debug|Any CPU.ActiveCfg = Debug|Any CPU
		{01263304-4B06-45CE-94CC-4FEF043ABC77}.Debug|Any CPU.Build.0 = Debug|Any CPU
		{01263304-4B06-45CE-94CC-4FEF043ABC77}.Release|Any CPU.ActiveCfg = Release|Any CPU
		{01263304-4B06-45CE-94CC-4FEF043ABC77}.Release|Any CPU.Build.0 = Release|Any CPU
		{0685FB0B-D10C-4C34-8385-D3D556F60D0A}.Debug|Any CPU.ActiveCfg = Debug|Any CPU
		{0685FB0B-D10C-4C34-8385-D3D556F60D0A}.Debug|Any CPU.Build.0 = Debug|Any CPU
		{0685FB0B-D10C-4C34-8385-D3D556F60D0A}.Release|Any CPU.ActiveCfg = Release|Any CPU
		{0685FB0B-D10C-4C34-8385-D3D556F60D0A}.Release|Any CPU.Build.0 = Release|Any CPU
		{80563E3A-F0DF-4783-9D32-90E4C8228662}.Debug|Any CPU.ActiveCfg = Debug|Any CPU
		{80563E3A-F0DF-4783-9D32-90E4C8228662}.Debug|Any CPU.Build.0 = Debug|Any CPU
		{80563E3A-F0DF-4783-9D32-90E4C8228662}.Release|Any CPU.ActiveCfg = Release|Any CPU
		{80563E3A-F0DF-4783-9D32-90E4C8228662}.Release|Any CPU.Build.0 = Release|Any CPU
		{BFB1197F-AAB1-48F8-8996-4DF79C1BD131}.Debug|Any CPU.ActiveCfg = Debug|Any CPU
		{BFB1197F-AAB1-48F8-8996-4DF79C1BD131}.Debug|Any CPU.Build.0 = Debug|Any CPU
		{BFB1197F-AAB1-48F8-8996-4DF79C1BD131}.Release|Any CPU.ActiveCfg = Release|Any CPU
		{BFB1197F-AAB1-48F8-8996-4DF79C1BD131}.Release|Any CPU.Build.0 = Release|Any CPU
		{E0EABC88-3088-4449-B061-60CE530123EE}.Debug|Any CPU.ActiveCfg = Debug|Any CPU
		{E0EABC88-3088-4449-B061-60CE530123EE}.Debug|Any CPU.Build.0 = Debug|Any CPU
		{E0EABC88-3088-4449-B061-60CE530123EE}.Release|Any CPU.ActiveCfg = Release|Any CPU
		{E0EABC88-3088-4449-B061-60CE530123EE}.Release|Any CPU.Build.0 = Release|Any CPU
		{459AF739-A829-41DC-BF1E-142A0BAC7956}.Debug|Any CPU.ActiveCfg = Debug|Any CPU
		{459AF739-A829-41DC-BF1E-142A0BAC7956}.Debug|Any CPU.Build.0 = Debug|Any CPU
		{459AF739-A829-41DC-BF1E-142A0BAC7956}.Release|Any CPU.ActiveCfg = Release|Any CPU
		{459AF739-A829-41DC-BF1E-142A0BAC7956}.Release|Any CPU.Build.0 = Release|Any CPU
		{67F8E803-888E-4D79-A9E5-BC9D894D2EDE}.Debug|Any CPU.ActiveCfg = Debug|Any CPU
		{67F8E803-888E-4D79-A9E5-BC9D894D2EDE}.Debug|Any CPU.Build.0 = Debug|Any CPU
		{67F8E803-888E-4D79-A9E5-BC9D894D2EDE}.Release|Any CPU.ActiveCfg = Release|Any CPU
		{67F8E803-888E-4D79-A9E5-BC9D894D2EDE}.Release|Any CPU.Build.0 = Release|Any CPU
		{18D0E759-4BC7-4E50-A191-5BF97A0FB4EF}.Debug|Any CPU.ActiveCfg = Debug|Any CPU
		{18D0E759-4BC7-4E50-A191-5BF97A0FB4EF}.Debug|Any CPU.Build.0 = Debug|Any CPU
		{18D0E759-4BC7-4E50-A191-5BF97A0FB4EF}.Release|Any CPU.ActiveCfg = Release|Any CPU
		{18D0E759-4BC7-4E50-A191-5BF97A0FB4EF}.Release|Any CPU.Build.0 = Release|Any CPU
		{94D06008-54FA-49E4-83A5-EAF38439FAC4}.Debug|Any CPU.ActiveCfg = Debug|Any CPU
		{94D06008-54FA-49E4-83A5-EAF38439FAC4}.Debug|Any CPU.Build.0 = Debug|Any CPU
		{94D06008-54FA-49E4-83A5-EAF38439FAC4}.Release|Any CPU.ActiveCfg = Release|Any CPU
		{94D06008-54FA-49E4-83A5-EAF38439FAC4}.Release|Any CPU.Build.0 = Release|Any CPU
		{A388A4E3-AD75-43DB-9601-8717CA859294}.Debug|Any CPU.ActiveCfg = Debug|Any CPU
		{A388A4E3-AD75-43DB-9601-8717CA859294}.Debug|Any CPU.Build.0 = Debug|Any CPU
		{A388A4E3-AD75-43DB-9601-8717CA859294}.Release|Any CPU.ActiveCfg = Release|Any CPU
		{A388A4E3-AD75-43DB-9601-8717CA859294}.Release|Any CPU.Build.0 = Release|Any CPU
		{CAFC9620-4FD9-477B-B830-F69DDB532DE7}.Debug|Any CPU.ActiveCfg = Debug|Any CPU
		{CAFC9620-4FD9-477B-B830-F69DDB532DE7}.Debug|Any CPU.Build.0 = Debug|Any CPU
		{CAFC9620-4FD9-477B-B830-F69DDB532DE7}.Release|Any CPU.ActiveCfg = Release|Any CPU
		{CAFC9620-4FD9-477B-B830-F69DDB532DE7}.Release|Any CPU.Build.0 = Release|Any CPU
		{950635F0-0023-44D5-8CF6-21A917AF5EB6}.Debug|Any CPU.ActiveCfg = Debug|Any CPU
		{950635F0-0023-44D5-8CF6-21A917AF5EB6}.Debug|Any CPU.Build.0 = Debug|Any CPU
		{950635F0-0023-44D5-8CF6-21A917AF5EB6}.Release|Any CPU.ActiveCfg = Release|Any CPU
		{950635F0-0023-44D5-8CF6-21A917AF5EB6}.Release|Any CPU.Build.0 = Release|Any CPU
		{AEAAAF8B-D0D5-45BA-83FD-A9C53719850C}.Debug|Any CPU.ActiveCfg = Debug|Any CPU
		{AEAAAF8B-D0D5-45BA-83FD-A9C53719850C}.Debug|Any CPU.Build.0 = Debug|Any CPU
		{AEAAAF8B-D0D5-45BA-83FD-A9C53719850C}.Release|Any CPU.ActiveCfg = Release|Any CPU
		{AEAAAF8B-D0D5-45BA-83FD-A9C53719850C}.Release|Any CPU.Build.0 = Release|Any CPU
		{9E68F2DC-B2AC-4EF7-9648-80B420003813}.Debug|Any CPU.ActiveCfg = Debug|Any CPU
		{9E68F2DC-B2AC-4EF7-9648-80B420003813}.Debug|Any CPU.Build.0 = Debug|Any CPU
		{9E68F2DC-B2AC-4EF7-9648-80B420003813}.Release|Any CPU.ActiveCfg = Release|Any CPU
		{9E68F2DC-B2AC-4EF7-9648-80B420003813}.Release|Any CPU.Build.0 = Release|Any CPU
		{08040827-D3B7-441D-B59F-5F4ECFFC93B6}.Debug|Any CPU.ActiveCfg = Debug|Any CPU
		{08040827-D3B7-441D-B59F-5F4ECFFC93B6}.Debug|Any CPU.Build.0 = Debug|Any CPU
		{08040827-D3B7-441D-B59F-5F4ECFFC93B6}.Release|Any CPU.ActiveCfg = Release|Any CPU
		{08040827-D3B7-441D-B59F-5F4ECFFC93B6}.Release|Any CPU.Build.0 = Release|Any CPU
		{4FCBE2B8-C524-4E71-81B1-83AB1057DE84}.Debug|Any CPU.ActiveCfg = Debug|Any CPU
		{4FCBE2B8-C524-4E71-81B1-83AB1057DE84}.Debug|Any CPU.Build.0 = Debug|Any CPU
		{4FCBE2B8-C524-4E71-81B1-83AB1057DE84}.Release|Any CPU.ActiveCfg = Release|Any CPU
		{4FCBE2B8-C524-4E71-81B1-83AB1057DE84}.Release|Any CPU.Build.0 = Release|Any CPU
		{2830D4D8-F80A-4965-84FE-C1DC11483690}.Debug|Any CPU.ActiveCfg = Debug|Any CPU
		{2830D4D8-F80A-4965-84FE-C1DC11483690}.Debug|Any CPU.Build.0 = Debug|Any CPU
		{2830D4D8-F80A-4965-84FE-C1DC11483690}.Release|Any CPU.ActiveCfg = Release|Any CPU
		{2830D4D8-F80A-4965-84FE-C1DC11483690}.Release|Any CPU.Build.0 = Release|Any CPU
		{5F463806-594A-4214-9B32-148480BA19AC}.Debug|Any CPU.ActiveCfg = Debug|Any CPU
		{5F463806-594A-4214-9B32-148480BA19AC}.Debug|Any CPU.Build.0 = Debug|Any CPU
		{5F463806-594A-4214-9B32-148480BA19AC}.Release|Any CPU.ActiveCfg = Release|Any CPU
		{5F463806-594A-4214-9B32-148480BA19AC}.Release|Any CPU.Build.0 = Release|Any CPU
		{B8835F40-B889-4B65-8F80-62F6621F184B}.Debug|Any CPU.ActiveCfg = Debug|Any CPU
		{B8835F40-B889-4B65-8F80-62F6621F184B}.Debug|Any CPU.Build.0 = Debug|Any CPU
		{B8835F40-B889-4B65-8F80-62F6621F184B}.Release|Any CPU.ActiveCfg = Release|Any CPU
		{B8835F40-B889-4B65-8F80-62F6621F184B}.Release|Any CPU.Build.0 = Release|Any CPU
		{BDA5705C-FFB0-4FC9-BB64-F507F8ADD2B2}.Debug|Any CPU.ActiveCfg = Debug|Any CPU
		{BDA5705C-FFB0-4FC9-BB64-F507F8ADD2B2}.Debug|Any CPU.Build.0 = Debug|Any CPU
		{BDA5705C-FFB0-4FC9-BB64-F507F8ADD2B2}.Release|Any CPU.ActiveCfg = Release|Any CPU
		{BDA5705C-FFB0-4FC9-BB64-F507F8ADD2B2}.Release|Any CPU.Build.0 = Release|Any CPU
		{F17FD5DB-1012-4DBC-ACD5-AD8B0E09CC2B}.Debug|Any CPU.ActiveCfg = Debug|Any CPU
		{F17FD5DB-1012-4DBC-ACD5-AD8B0E09CC2B}.Debug|Any CPU.Build.0 = Debug|Any CPU
		{F17FD5DB-1012-4DBC-ACD5-AD8B0E09CC2B}.Release|Any CPU.ActiveCfg = Release|Any CPU
		{F17FD5DB-1012-4DBC-ACD5-AD8B0E09CC2B}.Release|Any CPU.Build.0 = Release|Any CPU
		{F473839C-5F1D-4C86-9B93-910039ABE8AC}.Debug|Any CPU.ActiveCfg = Debug|Any CPU
		{F473839C-5F1D-4C86-9B93-910039ABE8AC}.Debug|Any CPU.Build.0 = Debug|Any CPU
		{F473839C-5F1D-4C86-9B93-910039ABE8AC}.Release|Any CPU.ActiveCfg = Release|Any CPU
		{F473839C-5F1D-4C86-9B93-910039ABE8AC}.Release|Any CPU.Build.0 = Release|Any CPU
		{C5CE95E5-F6A7-447B-BB15-658102610815}.Debug|Any CPU.ActiveCfg = Debug|Any CPU
		{C5CE95E5-F6A7-447B-BB15-658102610815}.Debug|Any CPU.Build.0 = Debug|Any CPU
		{C5CE95E5-F6A7-447B-BB15-658102610815}.Release|Any CPU.ActiveCfg = Release|Any CPU
		{C5CE95E5-F6A7-447B-BB15-658102610815}.Release|Any CPU.Build.0 = Release|Any CPU
		{A62E09ED-F5D4-4A7F-BF28-4BCAC81F8D32}.Debug|Any CPU.ActiveCfg = Debug|Any CPU
		{A62E09ED-F5D4-4A7F-BF28-4BCAC81F8D32}.Debug|Any CPU.Build.0 = Debug|Any CPU
		{A62E09ED-F5D4-4A7F-BF28-4BCAC81F8D32}.Release|Any CPU.ActiveCfg = Release|Any CPU
		{A62E09ED-F5D4-4A7F-BF28-4BCAC81F8D32}.Release|Any CPU.Build.0 = Release|Any CPU
		{4386C366-45E4-450E-BA22-48739BB64198}.Debug|Any CPU.ActiveCfg = Debug|Any CPU
		{4386C366-45E4-450E-BA22-48739BB64198}.Debug|Any CPU.Build.0 = Debug|Any CPU
		{4386C366-45E4-450E-BA22-48739BB64198}.Release|Any CPU.ActiveCfg = Release|Any CPU
		{4386C366-45E4-450E-BA22-48739BB64198}.Release|Any CPU.Build.0 = Release|Any CPU
		{86C8C912-CC24-4B5B-8172-AF501F9C6CD1}.Debug|Any CPU.ActiveCfg = Debug|Any CPU
		{86C8C912-CC24-4B5B-8172-AF501F9C6CD1}.Debug|Any CPU.Build.0 = Debug|Any CPU
		{86C8C912-CC24-4B5B-8172-AF501F9C6CD1}.Release|Any CPU.ActiveCfg = Release|Any CPU
		{86C8C912-CC24-4B5B-8172-AF501F9C6CD1}.Release|Any CPU.Build.0 = Release|Any CPU
		{8ED63B17-4B29-42D4-B6A6-B070B769B2EF}.Debug|Any CPU.ActiveCfg = Debug|Any CPU
		{8ED63B17-4B29-42D4-B6A6-B070B769B2EF}.Debug|Any CPU.Build.0 = Debug|Any CPU
		{8ED63B17-4B29-42D4-B6A6-B070B769B2EF}.Release|Any CPU.ActiveCfg = Release|Any CPU
		{8ED63B17-4B29-42D4-B6A6-B070B769B2EF}.Release|Any CPU.Build.0 = Release|Any CPU
		{28D4E56A-A174-4AB5-A725-6E64EA9AEED3}.Debug|Any CPU.ActiveCfg = Debug|Any CPU
		{28D4E56A-A174-4AB5-A725-6E64EA9AEED3}.Debug|Any CPU.Build.0 = Debug|Any CPU
		{28D4E56A-A174-4AB5-A725-6E64EA9AEED3}.Release|Any CPU.ActiveCfg = Release|Any CPU
		{28D4E56A-A174-4AB5-A725-6E64EA9AEED3}.Release|Any CPU.Build.0 = Release|Any CPU
	EndGlobalSection
	GlobalSection(SolutionProperties) = preSolution
		HideSolutionNode = FALSE
	EndGlobalSection
	GlobalSection(NestedProjects) = preSolution
		{353D15E8-326C-4231-954D-DEF73FCB3EA2} = {FC439D74-AB41-4BC8-B189-C31BC87E3E85}
		{F36C2F72-B7C5-4BCD-99F5-D464071CFE09} = {FC439D74-AB41-4BC8-B189-C31BC87E3E85}
		{E6DA61E7-5879-45CC-BDAB-43D6CEBF622B} = {FC439D74-AB41-4BC8-B189-C31BC87E3E85}
		{25D9FD77-61C0-456F-98E9-C90FD4ABE93F} = {FC439D74-AB41-4BC8-B189-C31BC87E3E85}
		{F950FEE4-E652-4D6A-AAEC-BF0FBA62734D} = {FC439D74-AB41-4BC8-B189-C31BC87E3E85}
		{85DFB0C4-5D6D-4550-8D5E-DC05D1A19ABD} = {353D15E8-326C-4231-954D-DEF73FCB3EA2}
		{6E5D3C74-3643-43B6-8E62-4C628BF969FD} = {85DFB0C4-5D6D-4550-8D5E-DC05D1A19ABD}
		{03956DBB-7B3C-4A55-BB57-A2AAFA6906CF} = {F36C2F72-B7C5-4BCD-99F5-D464071CFE09}
		{CCAF2243-FE38-4B72-BB4B-B0D589DF4954} = {F36C2F72-B7C5-4BCD-99F5-D464071CFE09}
		{7CF661E8-E597-48A2-AAA1-147B52069772} = {F36C2F72-B7C5-4BCD-99F5-D464071CFE09}
		{32176ADB-51FC-4E91-89B5-90140572ACC2} = {F36C2F72-B7C5-4BCD-99F5-D464071CFE09}
		{DC195AAB-4E0B-43AD-A049-7E57A043592F} = {F36C2F72-B7C5-4BCD-99F5-D464071CFE09}
		{7CE174FB-7552-4146-9EED-661AD9D2408D} = {F36C2F72-B7C5-4BCD-99F5-D464071CFE09}
		{1C0AE27C-5BE3-41D6-A43F-BA86A91BF65A} = {F36C2F72-B7C5-4BCD-99F5-D464071CFE09}
		{63641BA7-596C-4BF0-BDCE-23F2376AD5C9} = {F36C2F72-B7C5-4BCD-99F5-D464071CFE09}
		{A6A9E7C0-D6EA-44EA-A733-E361CC66996E} = {F36C2F72-B7C5-4BCD-99F5-D464071CFE09}
		{AAF7F12D-5847-4C3B-B308-33B3FC999E46} = {F36C2F72-B7C5-4BCD-99F5-D464071CFE09}
		{C4A4E1DF-1931-45AF-8F33-CB5C8EE68356} = {F36C2F72-B7C5-4BCD-99F5-D464071CFE09}
		{01263304-4B06-45CE-94CC-4FEF043ABC77} = {F36C2F72-B7C5-4BCD-99F5-D464071CFE09}
		{0685FB0B-D10C-4C34-8385-D3D556F60D0A} = {F36C2F72-B7C5-4BCD-99F5-D464071CFE09}
		{80563E3A-F0DF-4783-9D32-90E4C8228662} = {F36C2F72-B7C5-4BCD-99F5-D464071CFE09}
		{BF37E5CF-65CA-4B01-BC09-6A41402FF531} = {E6DA61E7-5879-45CC-BDAB-43D6CEBF622B}
		{BFB1197F-AAB1-48F8-8996-4DF79C1BD131} = {BF37E5CF-65CA-4B01-BC09-6A41402FF531}
		{451D2410-8D35-48C7-BAEF-CF5F91B47B21} = {25D9FD77-61C0-456F-98E9-C90FD4ABE93F}
		{E0EABC88-3088-4449-B061-60CE530123EE} = {451D2410-8D35-48C7-BAEF-CF5F91B47B21}
		{459AF739-A829-41DC-BF1E-142A0BAC7956} = {451D2410-8D35-48C7-BAEF-CF5F91B47B21}
		{67F8E803-888E-4D79-A9E5-BC9D894D2EDE} = {451D2410-8D35-48C7-BAEF-CF5F91B47B21}
		{18D0E759-4BC7-4E50-A191-5BF97A0FB4EF} = {451D2410-8D35-48C7-BAEF-CF5F91B47B21}
		{6DDBBC18-C60E-40AC-ACD4-68A19371DF42} = {F950FEE4-E652-4D6A-AAEC-BF0FBA62734D}
		{C5CAF07C-DF69-4C0D-8D02-4C969CA775FC} = {F950FEE4-E652-4D6A-AAEC-BF0FBA62734D}
		{94D06008-54FA-49E4-83A5-EAF38439FAC4} = {6DDBBC18-C60E-40AC-ACD4-68A19371DF42}
		{A388A4E3-AD75-43DB-9601-8717CA859294} = {C5CAF07C-DF69-4C0D-8D02-4C969CA775FC}
		{0590B493-1C8D-496B-BBA9-DAEDFFA0C32C} = {25D9FD77-61C0-456F-98E9-C90FD4ABE93F}
		{CAFC9620-4FD9-477B-B830-F69DDB532DE7} = {0590B493-1C8D-496B-BBA9-DAEDFFA0C32C}
		{950635F0-0023-44D5-8CF6-21A917AF5EB6} = {0590B493-1C8D-496B-BBA9-DAEDFFA0C32C}
		{AEAAAF8B-D0D5-45BA-83FD-A9C53719850C} = {0590B493-1C8D-496B-BBA9-DAEDFFA0C32C}
		{9E68F2DC-B2AC-4EF7-9648-80B420003813} = {0590B493-1C8D-496B-BBA9-DAEDFFA0C32C}
		{39C1352F-F3D3-4D0C-AF2D-AA23B9868EEA} = {25D9FD77-61C0-456F-98E9-C90FD4ABE93F}
		{08040827-D3B7-441D-B59F-5F4ECFFC93B6} = {39C1352F-F3D3-4D0C-AF2D-AA23B9868EEA}
		{4FCBE2B8-C524-4E71-81B1-83AB1057DE84} = {39C1352F-F3D3-4D0C-AF2D-AA23B9868EEA}
		{2830D4D8-F80A-4965-84FE-C1DC11483690} = {39C1352F-F3D3-4D0C-AF2D-AA23B9868EEA}
		{5F463806-594A-4214-9B32-148480BA19AC} = {39C1352F-F3D3-4D0C-AF2D-AA23B9868EEA}
		{3C75F499-D165-4BFE-ACCB-EAA5E00986EA} = {25D9FD77-61C0-456F-98E9-C90FD4ABE93F}
		{B8835F40-B889-4B65-8F80-62F6621F184B} = {3C75F499-D165-4BFE-ACCB-EAA5E00986EA}
		{BDA5705C-FFB0-4FC9-BB64-F507F8ADD2B2} = {3C75F499-D165-4BFE-ACCB-EAA5E00986EA}
		{F17FD5DB-1012-4DBC-ACD5-AD8B0E09CC2B} = {3C75F499-D165-4BFE-ACCB-EAA5E00986EA}
		{F473839C-5F1D-4C86-9B93-910039ABE8AC} = {3C75F499-D165-4BFE-ACCB-EAA5E00986EA}
		{C5CE95E5-F6A7-447B-BB15-658102610815} = {F36C2F72-B7C5-4BCD-99F5-D464071CFE09}
		{223A2F7A-D8F5-4480-8413-9DCF63CE730D} = {25D9FD77-61C0-456F-98E9-C90FD4ABE93F}
		{A62E09ED-F5D4-4A7F-BF28-4BCAC81F8D32} = {223A2F7A-D8F5-4480-8413-9DCF63CE730D}
		{4386C366-45E4-450E-BA22-48739BB64198} = {223A2F7A-D8F5-4480-8413-9DCF63CE730D}
		{86C8C912-CC24-4B5B-8172-AF501F9C6CD1} = {223A2F7A-D8F5-4480-8413-9DCF63CE730D}
		{8ED63B17-4B29-42D4-B6A6-B070B769B2EF} = {223A2F7A-D8F5-4480-8413-9DCF63CE730D}
		{F77D1566-7411-490D-B527-3264410DF44C} = {FC439D74-AB41-4BC8-B189-C31BC87E3E85}
		{A6E45A4B-0CB5-4ADA-9834-379C915EC16D} = {F77D1566-7411-490D-B527-3264410DF44C}
		{FA8A9D4D-188A-4813-BB6C-27264E6E3BA7} = {F77D1566-7411-490D-B527-3264410DF44C}
		{28D4E56A-A174-4AB5-A725-6E64EA9AEED3} = {C5CAF07C-DF69-4C0D-8D02-4C969CA775FC}
	EndGlobalSection
	GlobalSection(ExtensibilityGlobals) = postSolution
		SolutionGuid = {A480EA01-8936-4B81-89EE-8AABD6931653}
	EndGlobalSection
EndGlobal
