
Microsoft Visual Studio Solution File, Format Version 12.00
# Visual Studio Version 17
VisualStudioVersion = 17.5.002.0
MinimumVisualStudioVersion = 10.0.40219.1
Project("{2150E333-8FDC-42A3-9474-1A3956D46DE8}") = "BuildingBlocks", "BuildingBlocks", "{39B653AE-404B-4AC3-9C48-B939A23AFE6B}"
EndProject
Project("{9A19103F-16F7-4668-BE54-9A1E7A4F7556}") = "BuildingBlock.Base", "BuildingBlocks\BuildingBlock.Base\BuildingBlock.Base.csproj", "{E403AF4C-6711-485B-B1BE-EE7A35D67EC9}"
EndProject
Project("{9A19103F-16F7-4668-BE54-9A1E7A4F7556}") = "BuildingBlock.Dapper", "BuildingBlocks\BuildingBlock.Dapper\BuildingBlock.Dapper.csproj", "{B396F26F-226C-46DF-81C1-32651A1E4A76}"
EndProject
Project("{9A19103F-16F7-4668-BE54-9A1E7A4F7556}") = "BuildingBlock.Elasticsearch", "BuildingBlocks\BuildingBlock.Elasticsearch\BuildingBlock.Elasticsearch.csproj", "{7CB457B0-8E10-48B2-A266-8E3BB3C73BF9}"
EndProject
Project("{9A19103F-16F7-4668-BE54-9A1E7A4F7556}") = "BuildingBlock.Factory", "BuildingBlocks\BuildingBlock.Factory\BuildingBlock.Factory.csproj", "{999C4B72-91CC-4F7A-8020-1B9C4973917D}"
EndProject
Project("{9A19103F-16F7-4668-BE54-9A1E7A4F7556}") = "BuildingBlock.HealthCheck", "BuildingBlocks\BuildingBlock.HealthCheck\BuildingBlock.HealthCheck.csproj", "{05499E5D-BED9-4E0A-8ECB-378AABCF11A6}"
EndProject
Project("{9A19103F-16F7-4668-BE54-9A1E7A4F7556}") = "BuildingBlock.InMemory", "BuildingBlocks\BuildingBlock.InMemory\BuildingBlock.InMemory.csproj", "{C5F45CFA-2681-4F0B-BA6C-1244B316B28B}"
EndProject
Project("{9A19103F-16F7-4668-BE54-9A1E7A4F7556}") = "BuildingBlock.Jwt", "BuildingBlocks\BuildingBlock.Jwt\BuildingBlock.Jwt.csproj", "{EC38AC7A-97BD-4440-9713-81CED5AC1D57}"
EndProject
Project("{9A19103F-16F7-4668-BE54-9A1E7A4F7556}") = "BuildingBlock.Logger", "BuildingBlocks\BuildingBlock.Logger\BuildingBlock.Logger.csproj", "{D9D673D3-83FF-4735-AF39-D0202D3DA786}"
EndProject
Project("{9A19103F-16F7-4668-BE54-9A1E7A4F7556}") = "BuildingBlock.Mapper", "BuildingBlocks\BuildingBlock.Mapper\BuildingBlock.Mapper.csproj", "{D7E7F28B-50DC-4F8E-B94E-D9857F33B668}"
EndProject
Project("{9A19103F-16F7-4668-BE54-9A1E7A4F7556}") = "BuildingBlock.MsSql", "BuildingBlocks\BuildingBlock.MsSql\BuildingBlock.MsSql.csproj", "{83EA89DE-5DBF-4B5E-8687-00D21B75F8CC}"
EndProject
Project("{9A19103F-16F7-4668-BE54-9A1E7A4F7556}") = "BuildingBlock.RabbitMQ", "BuildingBlocks\BuildingBlock.RabbitMQ\BuildingBlock.RabbitMQ.csproj", "{C3931E66-900B-4F65-BA21-E2D281A24F11}"
EndProject
Project("{9A19103F-16F7-4668-BE54-9A1E7A4F7556}") = "BuildingBlock.Redis", "BuildingBlocks\BuildingBlock.Redis\BuildingBlock.Redis.csproj", "{FB9A0B58-832A-4F28-97B1-DFE3BBEEC0DC}"
EndProject
Project("{9A19103F-16F7-4668-BE54-9A1E7A4F7556}") = "BuildingBlock.Swagger", "BuildingBlocks\BuildingBlock.Swagger\BuildingBlock.Swagger.csproj", "{0E31F76F-4898-4E24-B92F-5FC7AE1B1782}"
EndProject
Project("{9A19103F-16F7-4668-BE54-9A1E7A4F7556}") = "BuildingBlock.Validator", "BuildingBlocks\BuildingBlock.Validator\BuildingBlock.Validator.csproj", "{E7E6B00F-173E-49EB-BF2F-CD4D3484425E}"
EndProject
Project("{9A19103F-16F7-4668-BE54-9A1E7A4F7556}") = "BuildingBlocks.Mail", "BuildingBlocks\BuildingBlocks.Mail\BuildingBlocks.Mail.csproj", "{6AC81379-B7BB-403A-ACBE-79DC23B1DDA5}"
EndProject
Project("{2150E333-8FDC-42A3-9474-1A3956D46DE8}") = "ApiGateways", "ApiGateways", "{93B1B943-38A9-4D04-A859-FF3F4741278F}"
EndProject
Project("{2150E333-8FDC-42A3-9474-1A3956D46DE8}") = "WebApiGateway", "WebApiGateway", "{F6E9EAE0-C95D-41AC-AA73-A7914DC855D3}"
EndProject
Project("{9A19103F-16F7-4668-BE54-9A1E7A4F7556}") = "Web.ApiGateway", "ApiGateways\WebApiGateway\Web.ApiGateway\Web.ApiGateway.csproj", "{DD2C4B9C-C8B2-433F-9D37-1F6E47A37D49}"
EndProject
Project("{2150E333-8FDC-42A3-9474-1A3956D46DE8}") = "Clients", "Clients", "{B3806609-B0C4-4758-B276-BBC466B782F1}"
EndProject
Project("{2150E333-8FDC-42A3-9474-1A3956D46DE8}") = "Web", "Web", "{7FAAF2B8-893C-46AF-8128-78FD6B8FD15D}"
EndProject
Project("{9A19103F-16F7-4668-BE54-9A1E7A4F7556}") = "Web.FlavorWorldMvc", "Clients\Web\Web.FlavorWorldMvc\Web.FlavorWorldMvc.csproj", "{FEFD79A4-9264-442E-8955-09F1F9897899}"
EndProject
Project("{2150E333-8FDC-42A3-9474-1A3956D46DE8}") = "Services", "Services", "{83C2C263-D6C8-49B8-A4E5-29BF2A284D79}"
EndProject
Project("{2150E333-8FDC-42A3-9474-1A3956D46DE8}") = "AuthenticationService", "AuthenticationService", "{E138E646-F3C8-4164-86B8-866A7D3DD442}"
EndProject
Project("{9A19103F-16F7-4668-BE54-9A1E7A4F7556}") = "AuthenticationService.Api", "Services\AuthenticationService\AuthenticationService.Api\AuthenticationService.Api.csproj", "{A3E64B7E-6323-4214-A7D1-FB07CDE8BB70}"
EndProject
Project("{9A19103F-16F7-4668-BE54-9A1E7A4F7556}") = "AuthenticationService.Application", "Services\AuthenticationService\AuthenticationService.Application\AuthenticationService.Application.csproj", "{930EAA75-1793-452D-AB5D-7EFACB67D702}"
EndProject
Project("{9A19103F-16F7-4668-BE54-9A1E7A4F7556}") = "AuthenticationService.Domain", "Services\AuthenticationService\AuthenticationService.Domain\AuthenticationService.Domain.csproj", "{9AF83C2A-04E6-4099-8731-62F9A592A256}"
EndProject
Project("{9A19103F-16F7-4668-BE54-9A1E7A4F7556}") = "AuthenticationService.Infrastructure", "Services\AuthenticationService\AuthenticationService.Infrastructure\AuthenticationService.Infrastructure.csproj", "{D824A2C7-AC84-4D1F-9328-AE7C83C7FE97}"
EndProject
Project("{2150E333-8FDC-42A3-9474-1A3956D46DE8}") = "BasketService", "BasketService", "{46D01EE6-32F6-4F04-83B9-C81EBF88DDE4}"
EndProject
Project("{9A19103F-16F7-4668-BE54-9A1E7A4F7556}") = "BasketService.Api", "Services\BasketService\BasketService.Api\BasketService.Api.csproj", "{46136867-99B6-4F46-B5CD-A6E4FA27DFE8}"
EndProject
Project("{9A19103F-16F7-4668-BE54-9A1E7A4F7556}") = "BasketService.Application", "Services\BasketService\BasketService.Application\BasketService.Application.csproj", "{584B3253-2A13-4C38-9A44-5AFBFBEA1CFE}"
EndProject
Project("{9A19103F-16F7-4668-BE54-9A1E7A4F7556}") = "BasketService.Domain", "Services\BasketService\BasketService.Domain\BasketService.Domain.csproj", "{ECAF1B1A-20D1-4A91-83FA-C372875A9B9F}"
EndProject
Project("{9A19103F-16F7-4668-BE54-9A1E7A4F7556}") = "BasketService.Infrastructure", "Services\BasketService\BasketService.Infrastructure\BasketService.Infrastructure.csproj", "{59EF1734-95D2-411A-984A-ECE6244DB674}"
EndProject
Project("{2150E333-8FDC-42A3-9474-1A3956D46DE8}") = "ImageService", "ImageService", "{39F2FAE0-30A4-4FE9-847B-3B3AC93DDF6A}"
EndProject
Project("{9A19103F-16F7-4668-BE54-9A1E7A4F7556}") = "ImageService.Api", "Services\ImageService\ImageService.Api\ImageService.Api.csproj", "{59B77DD1-3157-43AF-8E02-E28C5EA15577}"
EndProject
Project("{9A19103F-16F7-4668-BE54-9A1E7A4F7556}") = "ImageService.Application", "Services\ImageService\ImageService.Application\ImageService.Application.csproj", "{682F5946-925A-4556-8880-97ED695D7A05}"
EndProject
Project("{9A19103F-16F7-4668-BE54-9A1E7A4F7556}") = "ImageService.Domain", "Services\ImageService\ImageService.Domain\ImageService.Domain.csproj", "{19EE658A-BF6A-4DFF-BA0A-6899CF378014}"
EndProject
Project("{9A19103F-16F7-4668-BE54-9A1E7A4F7556}") = "ImageService.Infrastructure", "Services\ImageService\ImageService.Infrastructure\ImageService.Infrastructure.csproj", "{C528271C-76FF-4D8F-ABA3-02BBC344AA2D}"
EndProject
Project("{2150E333-8FDC-42A3-9474-1A3956D46DE8}") = "OrderService", "OrderService", "{E860D928-B3F8-476C-95BB-BBEAC388CC74}"
EndProject
Project("{9A19103F-16F7-4668-BE54-9A1E7A4F7556}") = "OrderService.Api", "Services\OrderService\OrderService.Api\OrderService.Api.csproj", "{44970B62-0634-4962-85EC-24CD5A1C411F}"
EndProject
Project("{9A19103F-16F7-4668-BE54-9A1E7A4F7556}") = "OrderService.Application", "Services\OrderService\OrderService.Application\OrderService.Application.csproj", "{C2344BF8-1ACC-41E0-AC74-C56AC9497AAE}"
EndProject
Project("{9A19103F-16F7-4668-BE54-9A1E7A4F7556}") = "OrderService.Domain", "Services\OrderService\OrderService.Domain\OrderService.Domain.csproj", "{0E155EA0-ACC6-4234-A900-144F105F45CA}"
EndProject
Project("{9A19103F-16F7-4668-BE54-9A1E7A4F7556}") = "OrderService.Infrastructure", "Services\OrderService\OrderService.Infrastructure\OrderService.Infrastructure.csproj", "{70DCC82F-202A-453C-9FB6-D80BDEAB0E82}"
EndProject
Project("{2150E333-8FDC-42A3-9474-1A3956D46DE8}") = "ProductService", "ProductService", "{B77339D7-294E-46CB-A23A-39FC7EF808AD}"
EndProject
Project("{9A19103F-16F7-4668-BE54-9A1E7A4F7556}") = "ProductService.Api", "Services\ProductService\ProductService.Api\ProductService.Api.csproj", "{0F721CC0-8B67-436A-8AE4-19C02C003FCA}"
EndProject
Project("{9A19103F-16F7-4668-BE54-9A1E7A4F7556}") = "ProductService.Application", "Services\ProductService\ProductService.Application\ProductService.Application.csproj", "{509A7865-C42E-469C-A997-357AE7D040DA}"
EndProject
Project("{9A19103F-16F7-4668-BE54-9A1E7A4F7556}") = "ProductService.Domain", "Services\ProductService\ProductService.Domain\ProductService.Domain.csproj", "{5FF544B1-C642-48D6-AD94-19D56C215759}"
EndProject
Project("{9A19103F-16F7-4668-BE54-9A1E7A4F7556}") = "ProductService.Infrastructure", "Services\ProductService\ProductService.Infrastructure\ProductService.Infrastructure.csproj", "{22F60395-226F-46D2-906D-3A87F3E6AF01}"
EndProject
Project("{2150E333-8FDC-42A3-9474-1A3956D46DE8}") = "Tests", "Tests", "{66CF7C12-29B2-43C5-9342-75812336518D}"
EndProject
Project("{2150E333-8FDC-42A3-9474-1A3956D46DE8}") = "BuildingBlockTests", "BuildingBlockTests", "{D245AFA2-5581-4D2A-B348-2C6C3E9C2C09}"
EndProject
Project("{9A19103F-16F7-4668-BE54-9A1E7A4F7556}") = "BuildingBlock.Test", "Tests\BuildingBlockTests\BuildingBlock.Test\BuildingBlock.Test.csproj", "{C1A8EF54-74E6-4064-B72D-FFFDFF2254E6}"
EndProject
Project("{2150E333-8FDC-42A3-9474-1A3956D46DE8}") = "ServiceTests", "ServiceTests", "{ACC496BC-AF82-49E1-9D79-2A03262175C4}"
EndProject
Project("{9A19103F-16F7-4668-BE54-9A1E7A4F7556}") = "OrderService.Test", "Tests\ServiceTests\OrderService.Test\OrderService.Test.csproj", "{232A56B4-8C1F-4960-A992-A31B7535E573}"
EndProject
Global
	GlobalSection(SolutionConfigurationPlatforms) = preSolution
		Debug|Any CPU = Debug|Any CPU
		Release|Any CPU = Release|Any CPU
	EndGlobalSection
	GlobalSection(ProjectConfigurationPlatforms) = postSolution
		{E403AF4C-6711-485B-B1BE-EE7A35D67EC9}.Debug|Any CPU.ActiveCfg = Debug|Any CPU
		{E403AF4C-6711-485B-B1BE-EE7A35D67EC9}.Debug|Any CPU.Build.0 = Debug|Any CPU
		{E403AF4C-6711-485B-B1BE-EE7A35D67EC9}.Release|Any CPU.ActiveCfg = Release|Any CPU
		{E403AF4C-6711-485B-B1BE-EE7A35D67EC9}.Release|Any CPU.Build.0 = Release|Any CPU
		{B396F26F-226C-46DF-81C1-32651A1E4A76}.Debug|Any CPU.ActiveCfg = Debug|Any CPU
		{B396F26F-226C-46DF-81C1-32651A1E4A76}.Debug|Any CPU.Build.0 = Debug|Any CPU
		{B396F26F-226C-46DF-81C1-32651A1E4A76}.Release|Any CPU.ActiveCfg = Release|Any CPU
		{B396F26F-226C-46DF-81C1-32651A1E4A76}.Release|Any CPU.Build.0 = Release|Any CPU
		{7CB457B0-8E10-48B2-A266-8E3BB3C73BF9}.Debug|Any CPU.ActiveCfg = Debug|Any CPU
		{7CB457B0-8E10-48B2-A266-8E3BB3C73BF9}.Debug|Any CPU.Build.0 = Debug|Any CPU
		{7CB457B0-8E10-48B2-A266-8E3BB3C73BF9}.Release|Any CPU.ActiveCfg = Release|Any CPU
		{7CB457B0-8E10-48B2-A266-8E3BB3C73BF9}.Release|Any CPU.Build.0 = Release|Any CPU
		{999C4B72-91CC-4F7A-8020-1B9C4973917D}.Debug|Any CPU.ActiveCfg = Debug|Any CPU
		{999C4B72-91CC-4F7A-8020-1B9C4973917D}.Debug|Any CPU.Build.0 = Debug|Any CPU
		{999C4B72-91CC-4F7A-8020-1B9C4973917D}.Release|Any CPU.ActiveCfg = Release|Any CPU
		{999C4B72-91CC-4F7A-8020-1B9C4973917D}.Release|Any CPU.Build.0 = Release|Any CPU
		{05499E5D-BED9-4E0A-8ECB-378AABCF11A6}.Debug|Any CPU.ActiveCfg = Debug|Any CPU
		{05499E5D-BED9-4E0A-8ECB-378AABCF11A6}.Debug|Any CPU.Build.0 = Debug|Any CPU
		{05499E5D-BED9-4E0A-8ECB-378AABCF11A6}.Release|Any CPU.ActiveCfg = Release|Any CPU
		{05499E5D-BED9-4E0A-8ECB-378AABCF11A6}.Release|Any CPU.Build.0 = Release|Any CPU
		{C5F45CFA-2681-4F0B-BA6C-1244B316B28B}.Debug|Any CPU.ActiveCfg = Debug|Any CPU
		{C5F45CFA-2681-4F0B-BA6C-1244B316B28B}.Debug|Any CPU.Build.0 = Debug|Any CPU
		{C5F45CFA-2681-4F0B-BA6C-1244B316B28B}.Release|Any CPU.ActiveCfg = Release|Any CPU
		{C5F45CFA-2681-4F0B-BA6C-1244B316B28B}.Release|Any CPU.Build.0 = Release|Any CPU
		{EC38AC7A-97BD-4440-9713-81CED5AC1D57}.Debug|Any CPU.ActiveCfg = Debug|Any CPU
		{EC38AC7A-97BD-4440-9713-81CED5AC1D57}.Debug|Any CPU.Build.0 = Debug|Any CPU
		{EC38AC7A-97BD-4440-9713-81CED5AC1D57}.Release|Any CPU.ActiveCfg = Release|Any CPU
		{EC38AC7A-97BD-4440-9713-81CED5AC1D57}.Release|Any CPU.Build.0 = Release|Any CPU
		{D9D673D3-83FF-4735-AF39-D0202D3DA786}.Debug|Any CPU.ActiveCfg = Debug|Any CPU
		{D9D673D3-83FF-4735-AF39-D0202D3DA786}.Debug|Any CPU.Build.0 = Debug|Any CPU
		{D9D673D3-83FF-4735-AF39-D0202D3DA786}.Release|Any CPU.ActiveCfg = Release|Any CPU
		{D9D673D3-83FF-4735-AF39-D0202D3DA786}.Release|Any CPU.Build.0 = Release|Any CPU
		{D7E7F28B-50DC-4F8E-B94E-D9857F33B668}.Debug|Any CPU.ActiveCfg = Debug|Any CPU
		{D7E7F28B-50DC-4F8E-B94E-D9857F33B668}.Debug|Any CPU.Build.0 = Debug|Any CPU
		{D7E7F28B-50DC-4F8E-B94E-D9857F33B668}.Release|Any CPU.ActiveCfg = Release|Any CPU
		{D7E7F28B-50DC-4F8E-B94E-D9857F33B668}.Release|Any CPU.Build.0 = Release|Any CPU
		{83EA89DE-5DBF-4B5E-8687-00D21B75F8CC}.Debug|Any CPU.ActiveCfg = Debug|Any CPU
		{83EA89DE-5DBF-4B5E-8687-00D21B75F8CC}.Debug|Any CPU.Build.0 = Debug|Any CPU
		{83EA89DE-5DBF-4B5E-8687-00D21B75F8CC}.Release|Any CPU.ActiveCfg = Release|Any CPU
		{83EA89DE-5DBF-4B5E-8687-00D21B75F8CC}.Release|Any CPU.Build.0 = Release|Any CPU
		{C3931E66-900B-4F65-BA21-E2D281A24F11}.Debug|Any CPU.ActiveCfg = Debug|Any CPU
		{C3931E66-900B-4F65-BA21-E2D281A24F11}.Debug|Any CPU.Build.0 = Debug|Any CPU
		{C3931E66-900B-4F65-BA21-E2D281A24F11}.Release|Any CPU.ActiveCfg = Release|Any CPU
		{C3931E66-900B-4F65-BA21-E2D281A24F11}.Release|Any CPU.Build.0 = Release|Any CPU
		{FB9A0B58-832A-4F28-97B1-DFE3BBEEC0DC}.Debug|Any CPU.ActiveCfg = Debug|Any CPU
		{FB9A0B58-832A-4F28-97B1-DFE3BBEEC0DC}.Debug|Any CPU.Build.0 = Debug|Any CPU
		{FB9A0B58-832A-4F28-97B1-DFE3BBEEC0DC}.Release|Any CPU.ActiveCfg = Release|Any CPU
		{FB9A0B58-832A-4F28-97B1-DFE3BBEEC0DC}.Release|Any CPU.Build.0 = Release|Any CPU
		{0E31F76F-4898-4E24-B92F-5FC7AE1B1782}.Debug|Any CPU.ActiveCfg = Debug|Any CPU
		{0E31F76F-4898-4E24-B92F-5FC7AE1B1782}.Debug|Any CPU.Build.0 = Debug|Any CPU
		{0E31F76F-4898-4E24-B92F-5FC7AE1B1782}.Release|Any CPU.ActiveCfg = Release|Any CPU
		{0E31F76F-4898-4E24-B92F-5FC7AE1B1782}.Release|Any CPU.Build.0 = Release|Any CPU
		{E7E6B00F-173E-49EB-BF2F-CD4D3484425E}.Debug|Any CPU.ActiveCfg = Debug|Any CPU
		{E7E6B00F-173E-49EB-BF2F-CD4D3484425E}.Debug|Any CPU.Build.0 = Debug|Any CPU
		{E7E6B00F-173E-49EB-BF2F-CD4D3484425E}.Release|Any CPU.ActiveCfg = Release|Any CPU
		{E7E6B00F-173E-49EB-BF2F-CD4D3484425E}.Release|Any CPU.Build.0 = Release|Any CPU
		{6AC81379-B7BB-403A-ACBE-79DC23B1DDA5}.Debug|Any CPU.ActiveCfg = Debug|Any CPU
		{6AC81379-B7BB-403A-ACBE-79DC23B1DDA5}.Debug|Any CPU.Build.0 = Debug|Any CPU
		{6AC81379-B7BB-403A-ACBE-79DC23B1DDA5}.Release|Any CPU.ActiveCfg = Release|Any CPU
		{6AC81379-B7BB-403A-ACBE-79DC23B1DDA5}.Release|Any CPU.Build.0 = Release|Any CPU
		{DD2C4B9C-C8B2-433F-9D37-1F6E47A37D49}.Debug|Any CPU.ActiveCfg = Debug|Any CPU
		{DD2C4B9C-C8B2-433F-9D37-1F6E47A37D49}.Debug|Any CPU.Build.0 = Debug|Any CPU
		{DD2C4B9C-C8B2-433F-9D37-1F6E47A37D49}.Release|Any CPU.ActiveCfg = Release|Any CPU
		{DD2C4B9C-C8B2-433F-9D37-1F6E47A37D49}.Release|Any CPU.Build.0 = Release|Any CPU
		{FEFD79A4-9264-442E-8955-09F1F9897899}.Debug|Any CPU.ActiveCfg = Debug|Any CPU
		{FEFD79A4-9264-442E-8955-09F1F9897899}.Debug|Any CPU.Build.0 = Debug|Any CPU
		{FEFD79A4-9264-442E-8955-09F1F9897899}.Release|Any CPU.ActiveCfg = Release|Any CPU
		{FEFD79A4-9264-442E-8955-09F1F9897899}.Release|Any CPU.Build.0 = Release|Any CPU
		{A3E64B7E-6323-4214-A7D1-FB07CDE8BB70}.Debug|Any CPU.ActiveCfg = Debug|Any CPU
		{A3E64B7E-6323-4214-A7D1-FB07CDE8BB70}.Debug|Any CPU.Build.0 = Debug|Any CPU
		{A3E64B7E-6323-4214-A7D1-FB07CDE8BB70}.Release|Any CPU.ActiveCfg = Release|Any CPU
		{A3E64B7E-6323-4214-A7D1-FB07CDE8BB70}.Release|Any CPU.Build.0 = Release|Any CPU
		{930EAA75-1793-452D-AB5D-7EFACB67D702}.Debug|Any CPU.ActiveCfg = Debug|Any CPU
		{930EAA75-1793-452D-AB5D-7EFACB67D702}.Debug|Any CPU.Build.0 = Debug|Any CPU
		{930EAA75-1793-452D-AB5D-7EFACB67D702}.Release|Any CPU.ActiveCfg = Release|Any CPU
		{930EAA75-1793-452D-AB5D-7EFACB67D702}.Release|Any CPU.Build.0 = Release|Any CPU
		{9AF83C2A-04E6-4099-8731-62F9A592A256}.Debug|Any CPU.ActiveCfg = Debug|Any CPU
		{9AF83C2A-04E6-4099-8731-62F9A592A256}.Debug|Any CPU.Build.0 = Debug|Any CPU
		{9AF83C2A-04E6-4099-8731-62F9A592A256}.Release|Any CPU.ActiveCfg = Release|Any CPU
		{9AF83C2A-04E6-4099-8731-62F9A592A256}.Release|Any CPU.Build.0 = Release|Any CPU
		{D824A2C7-AC84-4D1F-9328-AE7C83C7FE97}.Debug|Any CPU.ActiveCfg = Debug|Any CPU
		{D824A2C7-AC84-4D1F-9328-AE7C83C7FE97}.Debug|Any CPU.Build.0 = Debug|Any CPU
		{D824A2C7-AC84-4D1F-9328-AE7C83C7FE97}.Release|Any CPU.ActiveCfg = Release|Any CPU
		{D824A2C7-AC84-4D1F-9328-AE7C83C7FE97}.Release|Any CPU.Build.0 = Release|Any CPU
		{46136867-99B6-4F46-B5CD-A6E4FA27DFE8}.Debug|Any CPU.ActiveCfg = Debug|Any CPU
		{46136867-99B6-4F46-B5CD-A6E4FA27DFE8}.Debug|Any CPU.Build.0 = Debug|Any CPU
		{46136867-99B6-4F46-B5CD-A6E4FA27DFE8}.Release|Any CPU.ActiveCfg = Release|Any CPU
		{46136867-99B6-4F46-B5CD-A6E4FA27DFE8}.Release|Any CPU.Build.0 = Release|Any CPU
		{584B3253-2A13-4C38-9A44-5AFBFBEA1CFE}.Debug|Any CPU.ActiveCfg = Debug|Any CPU
		{584B3253-2A13-4C38-9A44-5AFBFBEA1CFE}.Debug|Any CPU.Build.0 = Debug|Any CPU
		{584B3253-2A13-4C38-9A44-5AFBFBEA1CFE}.Release|Any CPU.ActiveCfg = Release|Any CPU
		{584B3253-2A13-4C38-9A44-5AFBFBEA1CFE}.Release|Any CPU.Build.0 = Release|Any CPU
		{ECAF1B1A-20D1-4A91-83FA-C372875A9B9F}.Debug|Any CPU.ActiveCfg = Debug|Any CPU
		{ECAF1B1A-20D1-4A91-83FA-C372875A9B9F}.Debug|Any CPU.Build.0 = Debug|Any CPU
		{ECAF1B1A-20D1-4A91-83FA-C372875A9B9F}.Release|Any CPU.ActiveCfg = Release|Any CPU
		{ECAF1B1A-20D1-4A91-83FA-C372875A9B9F}.Release|Any CPU.Build.0 = Release|Any CPU
		{59EF1734-95D2-411A-984A-ECE6244DB674}.Debug|Any CPU.ActiveCfg = Debug|Any CPU
		{59EF1734-95D2-411A-984A-ECE6244DB674}.Debug|Any CPU.Build.0 = Debug|Any CPU
		{59EF1734-95D2-411A-984A-ECE6244DB674}.Release|Any CPU.ActiveCfg = Release|Any CPU
		{59EF1734-95D2-411A-984A-ECE6244DB674}.Release|Any CPU.Build.0 = Release|Any CPU
		{59B77DD1-3157-43AF-8E02-E28C5EA15577}.Debug|Any CPU.ActiveCfg = Debug|Any CPU
		{59B77DD1-3157-43AF-8E02-E28C5EA15577}.Debug|Any CPU.Build.0 = Debug|Any CPU
		{59B77DD1-3157-43AF-8E02-E28C5EA15577}.Release|Any CPU.ActiveCfg = Release|Any CPU
		{59B77DD1-3157-43AF-8E02-E28C5EA15577}.Release|Any CPU.Build.0 = Release|Any CPU
		{682F5946-925A-4556-8880-97ED695D7A05}.Debug|Any CPU.ActiveCfg = Debug|Any CPU
		{682F5946-925A-4556-8880-97ED695D7A05}.Debug|Any CPU.Build.0 = Debug|Any CPU
		{682F5946-925A-4556-8880-97ED695D7A05}.Release|Any CPU.ActiveCfg = Release|Any CPU
		{682F5946-925A-4556-8880-97ED695D7A05}.Release|Any CPU.Build.0 = Release|Any CPU
		{19EE658A-BF6A-4DFF-BA0A-6899CF378014}.Debug|Any CPU.ActiveCfg = Debug|Any CPU
		{19EE658A-BF6A-4DFF-BA0A-6899CF378014}.Debug|Any CPU.Build.0 = Debug|Any CPU
		{19EE658A-BF6A-4DFF-BA0A-6899CF378014}.Release|Any CPU.ActiveCfg = Release|Any CPU
		{19EE658A-BF6A-4DFF-BA0A-6899CF378014}.Release|Any CPU.Build.0 = Release|Any CPU
		{C528271C-76FF-4D8F-ABA3-02BBC344AA2D}.Debug|Any CPU.ActiveCfg = Debug|Any CPU
		{C528271C-76FF-4D8F-ABA3-02BBC344AA2D}.Debug|Any CPU.Build.0 = Debug|Any CPU
		{C528271C-76FF-4D8F-ABA3-02BBC344AA2D}.Release|Any CPU.ActiveCfg = Release|Any CPU
		{C528271C-76FF-4D8F-ABA3-02BBC344AA2D}.Release|Any CPU.Build.0 = Release|Any CPU
		{44970B62-0634-4962-85EC-24CD5A1C411F}.Debug|Any CPU.ActiveCfg = Debug|Any CPU
		{44970B62-0634-4962-85EC-24CD5A1C411F}.Debug|Any CPU.Build.0 = Debug|Any CPU
		{44970B62-0634-4962-85EC-24CD5A1C411F}.Release|Any CPU.ActiveCfg = Release|Any CPU
		{44970B62-0634-4962-85EC-24CD5A1C411F}.Release|Any CPU.Build.0 = Release|Any CPU
		{C2344BF8-1ACC-41E0-AC74-C56AC9497AAE}.Debug|Any CPU.ActiveCfg = Debug|Any CPU
		{C2344BF8-1ACC-41E0-AC74-C56AC9497AAE}.Debug|Any CPU.Build.0 = Debug|Any CPU
		{C2344BF8-1ACC-41E0-AC74-C56AC9497AAE}.Release|Any CPU.ActiveCfg = Release|Any CPU
		{C2344BF8-1ACC-41E0-AC74-C56AC9497AAE}.Release|Any CPU.Build.0 = Release|Any CPU
		{0E155EA0-ACC6-4234-A900-144F105F45CA}.Debug|Any CPU.ActiveCfg = Debug|Any CPU
		{0E155EA0-ACC6-4234-A900-144F105F45CA}.Debug|Any CPU.Build.0 = Debug|Any CPU
		{0E155EA0-ACC6-4234-A900-144F105F45CA}.Release|Any CPU.ActiveCfg = Release|Any CPU
		{0E155EA0-ACC6-4234-A900-144F105F45CA}.Release|Any CPU.Build.0 = Release|Any CPU
		{70DCC82F-202A-453C-9FB6-D80BDEAB0E82}.Debug|Any CPU.ActiveCfg = Debug|Any CPU
		{70DCC82F-202A-453C-9FB6-D80BDEAB0E82}.Debug|Any CPU.Build.0 = Debug|Any CPU
		{70DCC82F-202A-453C-9FB6-D80BDEAB0E82}.Release|Any CPU.ActiveCfg = Release|Any CPU
		{70DCC82F-202A-453C-9FB6-D80BDEAB0E82}.Release|Any CPU.Build.0 = Release|Any CPU
		{0F721CC0-8B67-436A-8AE4-19C02C003FCA}.Debug|Any CPU.ActiveCfg = Debug|Any CPU
		{0F721CC0-8B67-436A-8AE4-19C02C003FCA}.Debug|Any CPU.Build.0 = Debug|Any CPU
		{0F721CC0-8B67-436A-8AE4-19C02C003FCA}.Release|Any CPU.ActiveCfg = Release|Any CPU
		{0F721CC0-8B67-436A-8AE4-19C02C003FCA}.Release|Any CPU.Build.0 = Release|Any CPU
		{509A7865-C42E-469C-A997-357AE7D040DA}.Debug|Any CPU.ActiveCfg = Debug|Any CPU
		{509A7865-C42E-469C-A997-357AE7D040DA}.Debug|Any CPU.Build.0 = Debug|Any CPU
		{509A7865-C42E-469C-A997-357AE7D040DA}.Release|Any CPU.ActiveCfg = Release|Any CPU
		{509A7865-C42E-469C-A997-357AE7D040DA}.Release|Any CPU.Build.0 = Release|Any CPU
		{5FF544B1-C642-48D6-AD94-19D56C215759}.Debug|Any CPU.ActiveCfg = Debug|Any CPU
		{5FF544B1-C642-48D6-AD94-19D56C215759}.Debug|Any CPU.Build.0 = Debug|Any CPU
		{5FF544B1-C642-48D6-AD94-19D56C215759}.Release|Any CPU.ActiveCfg = Release|Any CPU
		{5FF544B1-C642-48D6-AD94-19D56C215759}.Release|Any CPU.Build.0 = Release|Any CPU
		{22F60395-226F-46D2-906D-3A87F3E6AF01}.Debug|Any CPU.ActiveCfg = Debug|Any CPU
		{22F60395-226F-46D2-906D-3A87F3E6AF01}.Debug|Any CPU.Build.0 = Debug|Any CPU
		{22F60395-226F-46D2-906D-3A87F3E6AF01}.Release|Any CPU.ActiveCfg = Release|Any CPU
		{22F60395-226F-46D2-906D-3A87F3E6AF01}.Release|Any CPU.Build.0 = Release|Any CPU
		{C1A8EF54-74E6-4064-B72D-FFFDFF2254E6}.Debug|Any CPU.ActiveCfg = Debug|Any CPU
		{C1A8EF54-74E6-4064-B72D-FFFDFF2254E6}.Debug|Any CPU.Build.0 = Debug|Any CPU
		{C1A8EF54-74E6-4064-B72D-FFFDFF2254E6}.Release|Any CPU.ActiveCfg = Release|Any CPU
		{C1A8EF54-74E6-4064-B72D-FFFDFF2254E6}.Release|Any CPU.Build.0 = Release|Any CPU
		{232A56B4-8C1F-4960-A992-A31B7535E573}.Debug|Any CPU.ActiveCfg = Debug|Any CPU
		{232A56B4-8C1F-4960-A992-A31B7535E573}.Debug|Any CPU.Build.0 = Debug|Any CPU
		{232A56B4-8C1F-4960-A992-A31B7535E573}.Release|Any CPU.ActiveCfg = Release|Any CPU
		{232A56B4-8C1F-4960-A992-A31B7535E573}.Release|Any CPU.Build.0 = Release|Any CPU
	EndGlobalSection
	GlobalSection(SolutionProperties) = preSolution
		HideSolutionNode = FALSE
	EndGlobalSection
	GlobalSection(NestedProjects) = preSolution
		{E403AF4C-6711-485B-B1BE-EE7A35D67EC9} = {39B653AE-404B-4AC3-9C48-B939A23AFE6B}
		{B396F26F-226C-46DF-81C1-32651A1E4A76} = {39B653AE-404B-4AC3-9C48-B939A23AFE6B}
		{7CB457B0-8E10-48B2-A266-8E3BB3C73BF9} = {39B653AE-404B-4AC3-9C48-B939A23AFE6B}
		{999C4B72-91CC-4F7A-8020-1B9C4973917D} = {39B653AE-404B-4AC3-9C48-B939A23AFE6B}
		{05499E5D-BED9-4E0A-8ECB-378AABCF11A6} = {39B653AE-404B-4AC3-9C48-B939A23AFE6B}
		{C5F45CFA-2681-4F0B-BA6C-1244B316B28B} = {39B653AE-404B-4AC3-9C48-B939A23AFE6B}
		{EC38AC7A-97BD-4440-9713-81CED5AC1D57} = {39B653AE-404B-4AC3-9C48-B939A23AFE6B}
		{D9D673D3-83FF-4735-AF39-D0202D3DA786} = {39B653AE-404B-4AC3-9C48-B939A23AFE6B}
		{D7E7F28B-50DC-4F8E-B94E-D9857F33B668} = {39B653AE-404B-4AC3-9C48-B939A23AFE6B}
		{83EA89DE-5DBF-4B5E-8687-00D21B75F8CC} = {39B653AE-404B-4AC3-9C48-B939A23AFE6B}
		{C3931E66-900B-4F65-BA21-E2D281A24F11} = {39B653AE-404B-4AC3-9C48-B939A23AFE6B}
		{FB9A0B58-832A-4F28-97B1-DFE3BBEEC0DC} = {39B653AE-404B-4AC3-9C48-B939A23AFE6B}
		{0E31F76F-4898-4E24-B92F-5FC7AE1B1782} = {39B653AE-404B-4AC3-9C48-B939A23AFE6B}
		{E7E6B00F-173E-49EB-BF2F-CD4D3484425E} = {39B653AE-404B-4AC3-9C48-B939A23AFE6B}
		{6AC81379-B7BB-403A-ACBE-79DC23B1DDA5} = {39B653AE-404B-4AC3-9C48-B939A23AFE6B}
		{F6E9EAE0-C95D-41AC-AA73-A7914DC855D3} = {93B1B943-38A9-4D04-A859-FF3F4741278F}
		{DD2C4B9C-C8B2-433F-9D37-1F6E47A37D49} = {F6E9EAE0-C95D-41AC-AA73-A7914DC855D3}
		{7FAAF2B8-893C-46AF-8128-78FD6B8FD15D} = {B3806609-B0C4-4758-B276-BBC466B782F1}
		{FEFD79A4-9264-442E-8955-09F1F9897899} = {7FAAF2B8-893C-46AF-8128-78FD6B8FD15D}
		{E138E646-F3C8-4164-86B8-866A7D3DD442} = {83C2C263-D6C8-49B8-A4E5-29BF2A284D79}
		{A3E64B7E-6323-4214-A7D1-FB07CDE8BB70} = {E138E646-F3C8-4164-86B8-866A7D3DD442}
		{930EAA75-1793-452D-AB5D-7EFACB67D702} = {E138E646-F3C8-4164-86B8-866A7D3DD442}
		{9AF83C2A-04E6-4099-8731-62F9A592A256} = {E138E646-F3C8-4164-86B8-866A7D3DD442}
		{D824A2C7-AC84-4D1F-9328-AE7C83C7FE97} = {E138E646-F3C8-4164-86B8-866A7D3DD442}
		{46D01EE6-32F6-4F04-83B9-C81EBF88DDE4} = {83C2C263-D6C8-49B8-A4E5-29BF2A284D79}
		{46136867-99B6-4F46-B5CD-A6E4FA27DFE8} = {46D01EE6-32F6-4F04-83B9-C81EBF88DDE4}
		{584B3253-2A13-4C38-9A44-5AFBFBEA1CFE} = {46D01EE6-32F6-4F04-83B9-C81EBF88DDE4}
		{ECAF1B1A-20D1-4A91-83FA-C372875A9B9F} = {46D01EE6-32F6-4F04-83B9-C81EBF88DDE4}
		{59EF1734-95D2-411A-984A-ECE6244DB674} = {46D01EE6-32F6-4F04-83B9-C81EBF88DDE4}
		{39F2FAE0-30A4-4FE9-847B-3B3AC93DDF6A} = {83C2C263-D6C8-49B8-A4E5-29BF2A284D79}
		{59B77DD1-3157-43AF-8E02-E28C5EA15577} = {39F2FAE0-30A4-4FE9-847B-3B3AC93DDF6A}
		{682F5946-925A-4556-8880-97ED695D7A05} = {39F2FAE0-30A4-4FE9-847B-3B3AC93DDF6A}
		{19EE658A-BF6A-4DFF-BA0A-6899CF378014} = {39F2FAE0-30A4-4FE9-847B-3B3AC93DDF6A}
		{C528271C-76FF-4D8F-ABA3-02BBC344AA2D} = {39F2FAE0-30A4-4FE9-847B-3B3AC93DDF6A}
		{E860D928-B3F8-476C-95BB-BBEAC388CC74} = {83C2C263-D6C8-49B8-A4E5-29BF2A284D79}
		{44970B62-0634-4962-85EC-24CD5A1C411F} = {E860D928-B3F8-476C-95BB-BBEAC388CC74}
		{C2344BF8-1ACC-41E0-AC74-C56AC9497AAE} = {E860D928-B3F8-476C-95BB-BBEAC388CC74}
		{0E155EA0-ACC6-4234-A900-144F105F45CA} = {E860D928-B3F8-476C-95BB-BBEAC388CC74}
		{70DCC82F-202A-453C-9FB6-D80BDEAB0E82} = {E860D928-B3F8-476C-95BB-BBEAC388CC74}
		{B77339D7-294E-46CB-A23A-39FC7EF808AD} = {83C2C263-D6C8-49B8-A4E5-29BF2A284D79}
		{0F721CC0-8B67-436A-8AE4-19C02C003FCA} = {B77339D7-294E-46CB-A23A-39FC7EF808AD}
		{509A7865-C42E-469C-A997-357AE7D040DA} = {B77339D7-294E-46CB-A23A-39FC7EF808AD}
		{5FF544B1-C642-48D6-AD94-19D56C215759} = {B77339D7-294E-46CB-A23A-39FC7EF808AD}
		{22F60395-226F-46D2-906D-3A87F3E6AF01} = {B77339D7-294E-46CB-A23A-39FC7EF808AD}
		{D245AFA2-5581-4D2A-B348-2C6C3E9C2C09} = {66CF7C12-29B2-43C5-9342-75812336518D}
		{C1A8EF54-74E6-4064-B72D-FFFDFF2254E6} = {D245AFA2-5581-4D2A-B348-2C6C3E9C2C09}
		{ACC496BC-AF82-49E1-9D79-2A03262175C4} = {66CF7C12-29B2-43C5-9342-75812336518D}
		{232A56B4-8C1F-4960-A992-A31B7535E573} = {ACC496BC-AF82-49E1-9D79-2A03262175C4}
	EndGlobalSection
	GlobalSection(ExtensibilityGlobals) = postSolution
		SolutionGuid = {2B8E8599-9317-405A-8E15-055CB9A49BA6}
	EndGlobalSection
EndGlobal
